// !$*UTF8*$!
{
	archiveVersion = 1;
	classes = {
	};
	objectVersion = 48;
	objects = {

/* Begin PBXBuildFile section */
		4C26C57A20623844009A1016 /* ServiceKinds.swift in Sources */ = {isa = PBXBuildFile; fileRef = 4C26C57920623844009A1016 /* ServiceKinds.swift */; };
		4C26C57C206252EA009A1016 /* UserModel.swift in Sources */ = {isa = PBXBuildFile; fileRef = 4C26C57B206252EA009A1016 /* UserModel.swift */; };
		4C26C57E2062530D009A1016 /* KindsModel.swift in Sources */ = {isa = PBXBuildFile; fileRef = 4C26C57D2062530D009A1016 /* KindsModel.swift */; };
		4C4082572099B1A00073EDBD /* LiuYanMessageViewController.swift in Sources */ = {isa = PBXBuildFile; fileRef = 4C4082562099B1A00073EDBD /* LiuYanMessageViewController.swift */; };
		4C4082612099B2940073EDBD /* PostLiuYanViewController.swift in Sources */ = {isa = PBXBuildFile; fileRef = 4C4082602099B2940073EDBD /* PostLiuYanViewController.swift */; };
		4C4082632099D6B20073EDBD /* LiuYanClient.swift in Sources */ = {isa = PBXBuildFile; fileRef = 4C4082622099D6B20073EDBD /* LiuYanClient.swift */; };
		4C4082652099F4350073EDBD /* PostLiuYanClient.swift in Sources */ = {isa = PBXBuildFile; fileRef = 4C4082642099F4350073EDBD /* PostLiuYanClient.swift */; };
		4C408269209B00C40073EDBD /* LiuYanMessageModel.swift in Sources */ = {isa = PBXBuildFile; fileRef = 4C408268209B00C40073EDBD /* LiuYanMessageModel.swift */; };
		4C408299209D5C2E0073EDBD /* SwiftyJSON.framework in Frameworks */ = {isa = PBXBuildFile; fileRef = 4C40828C209D5C030073EDBD /* SwiftyJSON.framework */; };
		4C40829A209D5C2E0073EDBD /* SwiftyJSON.framework in Embed Frameworks */ = {isa = PBXBuildFile; fileRef = 4C40828C209D5C030073EDBD /* SwiftyJSON.framework */; settings = {ATTRIBUTES = (CodeSignOnCopy, RemoveHeadersOnCopy, ); }; };
		4C74264B210205C600A0202F /* ImageHelper.framework in Embed Frameworks */ = {isa = PBXBuildFile; fileRef = 4C742646210205A400A0202F /* ImageHelper.framework */; settings = {ATTRIBUTES = (CodeSignOnCopy, RemoveHeadersOnCopy, ); }; };
		4C742651210207B600A0202F /* ShenNongTong.xcdatamodeld in Sources */ = {isa = PBXBuildFile; fileRef = 4C74264F210207B600A0202F /* ShenNongTong.xcdatamodeld */; };
		4C74265321020AD200A0202F /* MyURLProtocal.swift in Sources */ = {isa = PBXBuildFile; fileRef = 4C74265221020AD200A0202F /* MyURLProtocal.swift */; };
		4C74265621022D4300A0202F /* SettingViewController.swift in Sources */ = {isa = PBXBuildFile; fileRef = 4C74265521022D4300A0202F /* SettingViewController.swift */; };
		4C74265C210B494500A0202F /* productsList.plist in Resources */ = {isa = PBXBuildFile; fileRef = 4C74265B210B494500A0202F /* productsList.plist */; };
		4C742662210C475700A0202F /* positionList.plist in Resources */ = {isa = PBXBuildFile; fileRef = 4C742661210C475700A0202F /* positionList.plist */; };
		4C74B25D2062A2E300E6EBAA /* Assets.xcassets in Resources */ = {isa = PBXBuildFile; fileRef = 4C94F33B20591BE70064C4F0 /* Assets.xcassets */; };
		4C74B25E2062A2ED00E6EBAA /* Main.storyboard in Resources */ = {isa = PBXBuildFile; fileRef = 4C94F33820591BE70064C4F0 /* Main.storyboard */; };
		4C74B27F2062A42800E6EBAA /* LaunchScreen.storyboard in Resources */ = {isa = PBXBuildFile; fileRef = 4C94F33D20591BE70064C4F0 /* LaunchScreen.storyboard */; };
		4C74D6092060E68F00373012 /* WebNewsViewController.swift in Sources */ = {isa = PBXBuildFile; fileRef = 4C74D6082060E68F00373012 /* WebNewsViewController.swift */; };
		4C74D60B2060EDB800373012 /* NewsModel.swift in Sources */ = {isa = PBXBuildFile; fileRef = 4C74D60A2060EDB800373012 /* NewsModel.swift */; };
		4C81E2F020EB6307003C4F84 /* UserDetailViewController.swift in Sources */ = {isa = PBXBuildFile; fileRef = 4C81E2EF20EB6307003C4F84 /* UserDetailViewController.swift */; };
		4C81E2F220EB6849003C4F84 /* LogOutClient.swift in Sources */ = {isa = PBXBuildFile; fileRef = 4C81E2F120EB6849003C4F84 /* LogOutClient.swift */; };
		4C81E2F420EB812A003C4F84 /* RequestNameClient.swift in Sources */ = {isa = PBXBuildFile; fileRef = 4C81E2F320EB812A003C4F84 /* RequestNameClient.swift */; };
		4C81E33B20F38B58003C4F84 /* WKWebNewsViewController.swift in Sources */ = {isa = PBXBuildFile; fileRef = 4C81E33A20F38B58003C4F84 /* WKWebNewsViewController.swift */; };
		4C94F33520591BE70064C4F0 /* AppDelegate.swift in Sources */ = {isa = PBXBuildFile; fileRef = 4C94F33420591BE70064C4F0 /* AppDelegate.swift */; };
		4C94F33720591BE70064C4F0 /* ViewController.swift in Sources */ = {isa = PBXBuildFile; fileRef = 4C94F33620591BE70064C4F0 /* ViewController.swift */; };
		4C94F34720591E140064C4F0 /* ChanYeZiXunViewController.swift in Sources */ = {isa = PBXBuildFile; fileRef = 4C94F34620591E140064C4F0 /* ChanYeZiXunViewController.swift */; };
		4C94F351205A1A5C0064C4F0 /* PriceViewController.swift in Sources */ = {isa = PBXBuildFile; fileRef = 4C94F350205A1A5C0064C4F0 /* PriceViewController.swift */; };
		4C94F357205A51710064C4F0 /* PositionViewController.swift in Sources */ = {isa = PBXBuildFile; fileRef = 4C94F356205A51710064C4F0 /* PositionViewController.swift */; };
		4C94F359205A51850064C4F0 /* ChanPinFuWuViewController.swift in Sources */ = {isa = PBXBuildFile; fileRef = 4C94F358205A51850064C4F0 /* ChanPinFuWuViewController.swift */; };
		4C94F35B205A519E0064C4F0 /* ProViewController.swift in Sources */ = {isa = PBXBuildFile; fileRef = 4C94F35A205A519E0064C4F0 /* ProViewController.swift */; };
		4C94F35D205A51AF0064C4F0 /* SmartChatViewController.swift in Sources */ = {isa = PBXBuildFile; fileRef = 4C94F35C205A51AF0064C4F0 /* SmartChatViewController.swift */; };
		4C9845902073A49400E22CD7 /* Images.xcassets in Resources */ = {isa = PBXBuildFile; fileRef = 4C98458F2073A49400E22CD7 /* Images.xcassets */; };
		4C9C808E2073AFFF00AD1444 /* reSizeImage.swift in Sources */ = {isa = PBXBuildFile; fileRef = 4C9C808D2073AFFF00AD1444 /* reSizeImage.swift */; };
		4CADB172208F27A400F1FCA2 /* loginClient.swift in Sources */ = {isa = PBXBuildFile; fileRef = 4CADB171208F27A400F1FCA2 /* loginClient.swift */; };
		4CADB174208F347E00F1FCA2 /* RegisterViewController.swift in Sources */ = {isa = PBXBuildFile; fileRef = 4CADB173208F347E00F1FCA2 /* RegisterViewController.swift */; };
		4CADB1762090B03500F1FCA2 /* registerClient.swift in Sources */ = {isa = PBXBuildFile; fileRef = 4CADB1752090B03500F1FCA2 /* registerClient.swift */; };
		4CADB18420935E7700F1FCA2 /* NewsTabBarViewController.swift in Sources */ = {isa = PBXBuildFile; fileRef = 4CADB18320935E7700F1FCA2 /* NewsTabBarViewController.swift */; };
		4CB4BC77207B927B00597754 /* newsClient.swift in Sources */ = {isa = PBXBuildFile; fileRef = 4CB4BC76207B927B00597754 /* newsClient.swift */; };
		4CE611F120690BEF0055DBBB /* MapViewController.swift in Sources */ = {isa = PBXBuildFile; fileRef = 4CE611F020690BEF0055DBBB /* MapViewController.swift */; };
		4CE6123A206CBAB50055DBBB /* ChatDataSource.swift in Sources */ = {isa = PBXBuildFile; fileRef = 4CE61239206CBAB50055DBBB /* ChatDataSource.swift */; };
		4CE6123C206CBC970055DBBB /* UserInfo.swift in Sources */ = {isa = PBXBuildFile; fileRef = 4CE6123B206CBC970055DBBB /* UserInfo.swift */; };
		4CE6123E206CBD190055DBBB /* MessageItem.swift in Sources */ = {isa = PBXBuildFile; fileRef = 4CE6123D206CBD190055DBBB /* MessageItem.swift */; };
		4CE61241206CBEB00055DBBB /* TableViewCell.swift in Sources */ = {isa = PBXBuildFile; fileRef = 4CE61240206CBEB00055DBBB /* TableViewCell.swift */; };
		4CE61243206CBEFF0055DBBB /* TableHeaderViewCell.swift in Sources */ = {isa = PBXBuildFile; fileRef = 4CE61242206CBEFF0055DBBB /* TableHeaderViewCell.swift */; };
		4CE61245206CBF1C0055DBBB /* TableView.swift in Sources */ = {isa = PBXBuildFile; fileRef = 4CE61244206CBF1C0055DBBB /* TableView.swift */; };
		4CF87E39210DC74200ADC4E4 /* Images-2.xcassets in Resources */ = {isa = PBXBuildFile; fileRef = 4CF87E38210DC74200ADC4E4 /* Images-2.xcassets */; };
		4CF9F669207C952600B309BE /* priceClient.swift in Sources */ = {isa = PBXBuildFile; fileRef = 4CF9F668207C952600B309BE /* priceClient.swift */; };
		4CFD2466206352D30060DE56 /* Alamofire.framework in Frameworks */ = {isa = PBXBuildFile; fileRef = 4CFD2459206351F70060DE56 /* Alamofire.framework */; };
		4CFD2467206352D30060DE56 /* Alamofire.framework in Embed Frameworks */ = {isa = PBXBuildFile; fileRef = 4CFD2459206351F70060DE56 /* Alamofire.framework */; settings = {ATTRIBUTES = (CodeSignOnCopy, RemoveHeadersOnCopy, ); }; };
		4CFD246E206356E50060DE56 /* NetPingTest.swift in Sources */ = {isa = PBXBuildFile; fileRef = 4CFD246D206356E50060DE56 /* NetPingTest.swift */; };
		4CFD24702063A4C00060DE56 /* PriceAndKindsModel.swift in Sources */ = {isa = PBXBuildFile; fileRef = 4CFD246F2063A4C00060DE56 /* PriceAndKindsModel.swift */; };
		4CFD2496206506370060DE56 /* BiaoGeZuJianCollectionViewController.swift in Sources */ = {isa = PBXBuildFile; fileRef = 4CFD2495206506370060DE56 /* BiaoGeZuJianCollectionViewController.swift */; };
		4CFD2498206506DE0060DE56 /* CollectionGridViewLayout.swift in Sources */ = {isa = PBXBuildFile; fileRef = 4CFD2497206506DE0060DE56 /* CollectionGridViewLayout.swift */; };
		4CFD249A206507670060DE56 /* UICollectionGridViewCell.swift in Sources */ = {isa = PBXBuildFile; fileRef = 4CFD2499206507670060DE56 /* UICollectionGridViewCell.swift */; };
		4CFD249C20650AB90060DE56 /* ChartViewController.swift in Sources */ = {isa = PBXBuildFile; fileRef = 4CFD249B20650AB90060DE56 /* ChartViewController.swift */; };
		4CFD24C1206529C90060DE56 /* Charts.framework in Frameworks */ = {isa = PBXBuildFile; fileRef = 4CFD24BE206529A50060DE56 /* Charts.framework */; };
		4CFD24C2206529C90060DE56 /* Charts.framework in Embed Frameworks */ = {isa = PBXBuildFile; fileRef = 4CFD24BE206529A50060DE56 /* Charts.framework */; settings = {ATTRIBUTES = (CodeSignOnCopy, RemoveHeadersOnCopy, ); }; };
		4CFFE5D32079F81100305E74 /* MainNetModel.swift in Sources */ = {isa = PBXBuildFile; fileRef = 4CFFE5D22079F81100305E74 /* MainNetModel.swift */; };
		4CFFE5DE2079F98800305E74 /* ChanPinFuWuClient.swift in Sources */ = {isa = PBXBuildFile; fileRef = 4CFFE5DD2079F98800305E74 /* ChanPinFuWuClient.swift */; };
		4CFFE5E02079FFA900305E74 /* UIViewControllerExtension.swift in Sources */ = {isa = PBXBuildFile; fileRef = 4CFFE5DF2079FFA900305E74 /* UIViewControllerExtension.swift */; };
		4CFFE5E2207A068C00305E74 /* ChanPinWebViewController.swift in Sources */ = {isa = PBXBuildFile; fileRef = 4CFFE5E1207A068C00305E74 /* ChanPinWebViewController.swift */; };
/* End PBXBuildFile section */

/* Begin PBXContainerItemProxy section */
		4C40828B209D5C030073EDBD /* PBXContainerItemProxy */ = {
			isa = PBXContainerItemProxy;
			containerPortal = 4C408280209D5C020073EDBD /* SwiftyJSON.xcodeproj */;
			proxyType = 2;
			remoteGlobalIDString = 2E4FEFDB19575BE100351305;
			remoteInfo = "SwiftyJSON iOS";
		};
		4C40828D209D5C030073EDBD /* PBXContainerItemProxy */ = {
			isa = PBXContainerItemProxy;
			containerPortal = 4C408280209D5C020073EDBD /* SwiftyJSON.xcodeproj */;
			proxyType = 2;
			remoteGlobalIDString = 2E4FEFE619575BE100351305;
			remoteInfo = "SwiftyJSON iOS Tests";
		};
		4C40828F209D5C030073EDBD /* PBXContainerItemProxy */ = {
			isa = PBXContainerItemProxy;
			containerPortal = 4C408280209D5C020073EDBD /* SwiftyJSON.xcodeproj */;
			proxyType = 2;
			remoteGlobalIDString = 9C7DFC5B1A9102BD005AA3F7;
			remoteInfo = "SwiftyJSON macOS";
		};
		4C408291209D5C030073EDBD /* PBXContainerItemProxy */ = {
			isa = PBXContainerItemProxy;
			containerPortal = 4C408280209D5C020073EDBD /* SwiftyJSON.xcodeproj */;
			proxyType = 2;
			remoteGlobalIDString = 9C7DFC651A9102BD005AA3F7;
			remoteInfo = "SwiftyJSON macOS Tests";
		};
		4C408293209D5C030073EDBD /* PBXContainerItemProxy */ = {
			isa = PBXContainerItemProxy;
			containerPortal = 4C408280209D5C020073EDBD /* SwiftyJSON.xcodeproj */;
			proxyType = 2;
			remoteGlobalIDString = E4D7CCE81B9465A700EE7221;
			remoteInfo = "SwiftyJSON watchOS";
		};
		4C408295209D5C030073EDBD /* PBXContainerItemProxy */ = {
			isa = PBXContainerItemProxy;
			containerPortal = 4C408280209D5C020073EDBD /* SwiftyJSON.xcodeproj */;
			proxyType = 2;
			remoteGlobalIDString = 7236B4F61BAC14150020529B;
			remoteInfo = "SwiftyJSON tvOS";
		};
		4C408297209D5C030073EDBD /* PBXContainerItemProxy */ = {
			isa = PBXContainerItemProxy;
			containerPortal = 4C408280209D5C020073EDBD /* SwiftyJSON.xcodeproj */;
			proxyType = 2;
			remoteGlobalIDString = A8580F741BCF5C5B00DA927B;
			remoteInfo = "SwiftyJSON tvOS Tests";
		};
		4C40829B209D5C2E0073EDBD /* PBXContainerItemProxy */ = {
			isa = PBXContainerItemProxy;
			containerPortal = 4C408280209D5C020073EDBD /* SwiftyJSON.xcodeproj */;
			proxyType = 1;
			remoteGlobalIDString = 2E4FEFDA19575BE100351305;
			remoteInfo = "SwiftyJSON iOS";
		};
		4C742641210205A400A0202F /* PBXContainerItemProxy */ = {
			isa = PBXContainerItemProxy;
			containerPortal = 4C742639210205A400A0202F /* ImageHelper.xcodeproj */;
			proxyType = 2;
			remoteGlobalIDString = 6581F3D61968328100C5CA28;
			remoteInfo = "Demo iOS";
		};
		4C742643210205A400A0202F /* PBXContainerItemProxy */ = {
			isa = PBXContainerItemProxy;
			containerPortal = 4C742639210205A400A0202F /* ImageHelper.xcodeproj */;
			proxyType = 2;
			remoteGlobalIDString = 65F5EC3D1D8C493C004A35E8;
			remoteInfo = "Demo tvOS";
		};
		4C742645210205A400A0202F /* PBXContainerItemProxy */ = {
			isa = PBXContainerItemProxy;
			containerPortal = 4C742639210205A400A0202F /* ImageHelper.xcodeproj */;
			proxyType = 2;
			remoteGlobalIDString = 65EAC4B01D8C42170001F670;
			remoteInfo = "ImageHelper iOS";
		};
		4C742647210205A400A0202F /* PBXContainerItemProxy */ = {
			isa = PBXContainerItemProxy;
			containerPortal = 4C742639210205A400A0202F /* ImageHelper.xcodeproj */;
			proxyType = 2;
			remoteGlobalIDString = 65EAC4C21D8C42270001F670;
			remoteInfo = "ImageHelper watchOS";
		};
		4C742649210205A400A0202F /* PBXContainerItemProxy */ = {
			isa = PBXContainerItemProxy;
			containerPortal = 4C742639210205A400A0202F /* ImageHelper.xcodeproj */;
			proxyType = 2;
			remoteGlobalIDString = 65EAC4CF1D8C423D0001F670;
			remoteInfo = "ImageHelper tvOS";
		};
		4CFD2458206351F70060DE56 /* PBXContainerItemProxy */ = {
			isa = PBXContainerItemProxy;
			containerPortal = 4CFD244D206351F70060DE56 /* Alamofire.xcodeproj */;
			proxyType = 2;
			remoteGlobalIDString = F8111E3319A95C8B0040E7D1;
			remoteInfo = "Alamofire iOS";
		};
		4CFD245A206351F70060DE56 /* PBXContainerItemProxy */ = {
			isa = PBXContainerItemProxy;
			containerPortal = 4CFD244D206351F70060DE56 /* Alamofire.xcodeproj */;
			proxyType = 2;
			remoteGlobalIDString = F8111E3E19A95C8B0040E7D1;
			remoteInfo = "Alamofire iOS Tests";
		};
		4CFD245C206351F70060DE56 /* PBXContainerItemProxy */ = {
			isa = PBXContainerItemProxy;
			containerPortal = 4CFD244D206351F70060DE56 /* Alamofire.xcodeproj */;
			proxyType = 2;
			remoteGlobalIDString = 4DD67C0B1A5C55C900ED2280;
			remoteInfo = "Alamofire macOS";
		};
		4CFD245E206351F70060DE56 /* PBXContainerItemProxy */ = {
			isa = PBXContainerItemProxy;
			containerPortal = 4CFD244D206351F70060DE56 /* Alamofire.xcodeproj */;
			proxyType = 2;
			remoteGlobalIDString = F829C6B21A7A94F100A2CD59;
			remoteInfo = "Alamofire macOS Tests";
		};
		4CFD2460206351F70060DE56 /* PBXContainerItemProxy */ = {
			isa = PBXContainerItemProxy;
			containerPortal = 4CFD244D206351F70060DE56 /* Alamofire.xcodeproj */;
			proxyType = 2;
			remoteGlobalIDString = 4CF626EF1BA7CB3E0011A099;
			remoteInfo = "Alamofire tvOS";
		};
		4CFD2462206351F70060DE56 /* PBXContainerItemProxy */ = {
			isa = PBXContainerItemProxy;
			containerPortal = 4CFD244D206351F70060DE56 /* Alamofire.xcodeproj */;
			proxyType = 2;
			remoteGlobalIDString = 4CF626F81BA7CB3E0011A099;
			remoteInfo = "Alamofire tvOS Tests";
		};
		4CFD2464206351F70060DE56 /* PBXContainerItemProxy */ = {
			isa = PBXContainerItemProxy;
			containerPortal = 4CFD244D206351F70060DE56 /* Alamofire.xcodeproj */;
			proxyType = 2;
			remoteGlobalIDString = E4202FE01B667AA100C997FB;
			remoteInfo = "Alamofire watchOS";
		};
		4CFD2468206352D30060DE56 /* PBXContainerItemProxy */ = {
			isa = PBXContainerItemProxy;
			containerPortal = 4CFD244D206351F70060DE56 /* Alamofire.xcodeproj */;
			proxyType = 1;
			remoteGlobalIDString = F8111E3219A95C8B0040E7D1;
			remoteInfo = "Alamofire iOS";
		};
		4CFD24BD206529A50060DE56 /* PBXContainerItemProxy */ = {
			isa = PBXContainerItemProxy;
			containerPortal = 4CFD24B8206529A40060DE56 /* Charts.xcodeproj */;
			proxyType = 2;
			remoteGlobalIDString = 65AD9E95D9ED4DC0BD73A743;
			remoteInfo = Charts;
		};
		4CFD24BF206529A50060DE56 /* PBXContainerItemProxy */ = {
			isa = PBXContainerItemProxy;
			containerPortal = 4CFD24B8206529A40060DE56 /* Charts.xcodeproj */;
			proxyType = 2;
			remoteGlobalIDString = 1CBBC58C6CE1EBEE9852CE41;
			remoteInfo = ChartsTests;
		};
		4CFD24C3206529C90060DE56 /* PBXContainerItemProxy */ = {
			isa = PBXContainerItemProxy;
			containerPortal = 4CFD24B8206529A40060DE56 /* Charts.xcodeproj */;
			proxyType = 1;
			remoteGlobalIDString = A58A4ED274A941CA248EA921;
			remoteInfo = Charts;
		};
/* End PBXContainerItemProxy section */

/* Begin PBXCopyFilesBuildPhase section */
		4CFD246A206352D30060DE56 /* Embed Frameworks */ = {
			isa = PBXCopyFilesBuildPhase;
			buildActionMask = 2147483647;
			dstPath = "";
			dstSubfolderSpec = 10;
			files = (
				4C74264B210205C600A0202F /* ImageHelper.framework in Embed Frameworks */,
				4CFD2467206352D30060DE56 /* Alamofire.framework in Embed Frameworks */,
				4CFD24C2206529C90060DE56 /* Charts.framework in Embed Frameworks */,
				4C40829A209D5C2E0073EDBD /* SwiftyJSON.framework in Embed Frameworks */,
			);
			name = "Embed Frameworks";
			runOnlyForDeploymentPostprocessing = 0;
		};
/* End PBXCopyFilesBuildPhase section */

/* Begin PBXFileReference section */
		4C26C57920623844009A1016 /* ServiceKinds.swift */ = {isa = PBXFileReference; lastKnownFileType = sourcecode.swift; path = ServiceKinds.swift; sourceTree = "<group>"; };
		4C26C57B206252EA009A1016 /* UserModel.swift */ = {isa = PBXFileReference; lastKnownFileType = sourcecode.swift; path = UserModel.swift; sourceTree = "<group>"; };
		4C26C57D2062530D009A1016 /* KindsModel.swift */ = {isa = PBXFileReference; lastKnownFileType = sourcecode.swift; path = KindsModel.swift; sourceTree = "<group>"; };
		4C4082562099B1A00073EDBD /* LiuYanMessageViewController.swift */ = {isa = PBXFileReference; lastKnownFileType = sourcecode.swift; path = LiuYanMessageViewController.swift; sourceTree = "<group>"; };
		4C4082602099B2940073EDBD /* PostLiuYanViewController.swift */ = {isa = PBXFileReference; lastKnownFileType = sourcecode.swift; path = PostLiuYanViewController.swift; sourceTree = "<group>"; };
		4C4082622099D6B20073EDBD /* LiuYanClient.swift */ = {isa = PBXFileReference; lastKnownFileType = sourcecode.swift; path = LiuYanClient.swift; sourceTree = "<group>"; };
		4C4082642099F4350073EDBD /* PostLiuYanClient.swift */ = {isa = PBXFileReference; lastKnownFileType = sourcecode.swift; path = PostLiuYanClient.swift; sourceTree = "<group>"; };
		4C408268209B00C40073EDBD /* LiuYanMessageModel.swift */ = {isa = PBXFileReference; lastKnownFileType = sourcecode.swift; path = LiuYanMessageModel.swift; sourceTree = "<group>"; };
		4C408280209D5C020073EDBD /* SwiftyJSON.xcodeproj */ = {isa = PBXFileReference; lastKnownFileType = "wrapper.pb-project"; name = SwiftyJSON.xcodeproj; path = "SwiftyJSON-master/SwiftyJSON.xcodeproj"; sourceTree = "<group>"; };
		4C742639210205A400A0202F /* ImageHelper.xcodeproj */ = {isa = PBXFileReference; lastKnownFileType = "wrapper.pb-project"; name = ImageHelper.xcodeproj; path = "ImageHelper-master/ImageHelper.xcodeproj"; sourceTree = "<group>"; };
		4C742650210207B600A0202F /* ShenNongTong.xcdatamodel */ = {isa = PBXFileReference; lastKnownFileType = wrapper.xcdatamodel; path = ShenNongTong.xcdatamodel; sourceTree = "<group>"; };
		4C74265221020AD200A0202F /* MyURLProtocal.swift */ = {isa = PBXFileReference; lastKnownFileType = sourcecode.swift; path = MyURLProtocal.swift; sourceTree = "<group>"; };
		4C74265521022D4300A0202F /* SettingViewController.swift */ = {isa = PBXFileReference; lastKnownFileType = sourcecode.swift; path = SettingViewController.swift; sourceTree = "<group>"; };
		4C74265B210B494500A0202F /* productsList.plist */ = {isa = PBXFileReference; lastKnownFileType = text.plist.xml; path = productsList.plist; sourceTree = "<group>"; };
		4C742661210C475700A0202F /* positionList.plist */ = {isa = PBXFileReference; lastKnownFileType = text.plist.xml; path = positionList.plist; sourceTree = "<group>"; };
		4C74D6082060E68F00373012 /* WebNewsViewController.swift */ = {isa = PBXFileReference; lastKnownFileType = sourcecode.swift; path = WebNewsViewController.swift; sourceTree = "<group>"; };
		4C74D60A2060EDB800373012 /* NewsModel.swift */ = {isa = PBXFileReference; lastKnownFileType = sourcecode.swift; path = NewsModel.swift; sourceTree = "<group>"; };
		4C81E2EF20EB6307003C4F84 /* UserDetailViewController.swift */ = {isa = PBXFileReference; lastKnownFileType = sourcecode.swift; path = UserDetailViewController.swift; sourceTree = "<group>"; };
		4C81E2F120EB6849003C4F84 /* LogOutClient.swift */ = {isa = PBXFileReference; lastKnownFileType = sourcecode.swift; path = LogOutClient.swift; sourceTree = "<group>"; };
		4C81E2F320EB812A003C4F84 /* RequestNameClient.swift */ = {isa = PBXFileReference; lastKnownFileType = sourcecode.swift; path = RequestNameClient.swift; sourceTree = "<group>"; };
		4C81E33A20F38B58003C4F84 /* WKWebNewsViewController.swift */ = {isa = PBXFileReference; lastKnownFileType = sourcecode.swift; path = WKWebNewsViewController.swift; sourceTree = "<group>"; };
		4C94F33120591BE70064C4F0 /* ShenNongTong.app */ = {isa = PBXFileReference; explicitFileType = wrapper.application; includeInIndex = 0; path = ShenNongTong.app; sourceTree = BUILT_PRODUCTS_DIR; };
		4C94F33420591BE70064C4F0 /* AppDelegate.swift */ = {isa = PBXFileReference; lastKnownFileType = sourcecode.swift; path = AppDelegate.swift; sourceTree = "<group>"; };
		4C94F33620591BE70064C4F0 /* ViewController.swift */ = {isa = PBXFileReference; lastKnownFileType = sourcecode.swift; path = ViewController.swift; sourceTree = "<group>"; };
		4C94F33920591BE70064C4F0 /* Base */ = {isa = PBXFileReference; lastKnownFileType = file.storyboard; name = Base; path = Base.lproj/Main.storyboard; sourceTree = "<group>"; };
		4C94F33B20591BE70064C4F0 /* Assets.xcassets */ = {isa = PBXFileReference; lastKnownFileType = folder.assetcatalog; path = Assets.xcassets; sourceTree = "<group>"; };
		4C94F33E20591BE70064C4F0 /* Base */ = {isa = PBXFileReference; lastKnownFileType = file.storyboard; name = Base; path = Base.lproj/LaunchScreen.storyboard; sourceTree = "<group>"; };
		4C94F34020591BE80064C4F0 /* Info.plist */ = {isa = PBXFileReference; lastKnownFileType = text.plist.xml; path = Info.plist; sourceTree = "<group>"; };
		4C94F34620591E140064C4F0 /* ChanYeZiXunViewController.swift */ = {isa = PBXFileReference; lastKnownFileType = sourcecode.swift; path = ChanYeZiXunViewController.swift; sourceTree = "<group>"; };
		4C94F350205A1A5C0064C4F0 /* PriceViewController.swift */ = {isa = PBXFileReference; lastKnownFileType = sourcecode.swift; path = PriceViewController.swift; sourceTree = "<group>"; };
		4C94F356205A51710064C4F0 /* PositionViewController.swift */ = {isa = PBXFileReference; lastKnownFileType = sourcecode.swift; path = PositionViewController.swift; sourceTree = "<group>"; };
		4C94F358205A51850064C4F0 /* ChanPinFuWuViewController.swift */ = {isa = PBXFileReference; lastKnownFileType = sourcecode.swift; path = ChanPinFuWuViewController.swift; sourceTree = "<group>"; };
		4C94F35A205A519E0064C4F0 /* ProViewController.swift */ = {isa = PBXFileReference; lastKnownFileType = sourcecode.swift; path = ProViewController.swift; sourceTree = "<group>"; };
		4C94F35C205A51AF0064C4F0 /* SmartChatViewController.swift */ = {isa = PBXFileReference; lastKnownFileType = sourcecode.swift; path = SmartChatViewController.swift; sourceTree = "<group>"; };
		4C98458F2073A49400E22CD7 /* Images.xcassets */ = {isa = PBXFileReference; lastKnownFileType = folder.assetcatalog; path = Images.xcassets; sourceTree = "<group>"; };
		4C9C808D2073AFFF00AD1444 /* reSizeImage.swift */ = {isa = PBXFileReference; lastKnownFileType = sourcecode.swift; path = reSizeImage.swift; sourceTree = "<group>"; };
		4CADB171208F27A400F1FCA2 /* loginClient.swift */ = {isa = PBXFileReference; lastKnownFileType = sourcecode.swift; path = loginClient.swift; sourceTree = "<group>"; };
		4CADB173208F347E00F1FCA2 /* RegisterViewController.swift */ = {isa = PBXFileReference; lastKnownFileType = sourcecode.swift; path = RegisterViewController.swift; sourceTree = "<group>"; };
		4CADB1752090B03500F1FCA2 /* registerClient.swift */ = {isa = PBXFileReference; lastKnownFileType = sourcecode.swift; path = registerClient.swift; sourceTree = "<group>"; };
		4CADB18320935E7700F1FCA2 /* NewsTabBarViewController.swift */ = {isa = PBXFileReference; lastKnownFileType = sourcecode.swift; path = NewsTabBarViewController.swift; sourceTree = "<group>"; };
		4CB4BC76207B927B00597754 /* newsClient.swift */ = {isa = PBXFileReference; lastKnownFileType = sourcecode.swift; path = newsClient.swift; sourceTree = "<group>"; };
		4CE611F020690BEF0055DBBB /* MapViewController.swift */ = {isa = PBXFileReference; lastKnownFileType = sourcecode.swift; path = MapViewController.swift; sourceTree = "<group>"; };
		4CE61239206CBAB50055DBBB /* ChatDataSource.swift */ = {isa = PBXFileReference; lastKnownFileType = sourcecode.swift; path = ChatDataSource.swift; sourceTree = "<group>"; };
		4CE6123B206CBC970055DBBB /* UserInfo.swift */ = {isa = PBXFileReference; lastKnownFileType = sourcecode.swift; path = UserInfo.swift; sourceTree = "<group>"; };
		4CE6123D206CBD190055DBBB /* MessageItem.swift */ = {isa = PBXFileReference; lastKnownFileType = sourcecode.swift; path = MessageItem.swift; sourceTree = "<group>"; };
		4CE61240206CBEB00055DBBB /* TableViewCell.swift */ = {isa = PBXFileReference; lastKnownFileType = sourcecode.swift; path = TableViewCell.swift; sourceTree = "<group>"; };
		4CE61242206CBEFF0055DBBB /* TableHeaderViewCell.swift */ = {isa = PBXFileReference; lastKnownFileType = sourcecode.swift; path = TableHeaderViewCell.swift; sourceTree = "<group>"; };
		4CE61244206CBF1C0055DBBB /* TableView.swift */ = {isa = PBXFileReference; lastKnownFileType = sourcecode.swift; path = TableView.swift; sourceTree = "<group>"; };
		4CF87E38210DC74200ADC4E4 /* Images-2.xcassets */ = {isa = PBXFileReference; lastKnownFileType = folder.assetcatalog; path = "Images-2.xcassets"; sourceTree = "<group>"; };
		4CF9F668207C952600B309BE /* priceClient.swift */ = {isa = PBXFileReference; lastKnownFileType = sourcecode.swift; path = priceClient.swift; sourceTree = "<group>"; };
		4CFD244D206351F70060DE56 /* Alamofire.xcodeproj */ = {isa = PBXFileReference; lastKnownFileType = "wrapper.pb-project"; name = Alamofire.xcodeproj; path = "Alamofire-master/Alamofire.xcodeproj"; sourceTree = "<group>"; };
		4CFD246D206356E50060DE56 /* NetPingTest.swift */ = {isa = PBXFileReference; lastKnownFileType = sourcecode.swift; path = NetPingTest.swift; sourceTree = "<group>"; };
		4CFD246F2063A4C00060DE56 /* PriceAndKindsModel.swift */ = {isa = PBXFileReference; lastKnownFileType = sourcecode.swift; path = PriceAndKindsModel.swift; sourceTree = "<group>"; };
		4CFD2495206506370060DE56 /* BiaoGeZuJianCollectionViewController.swift */ = {isa = PBXFileReference; lastKnownFileType = sourcecode.swift; path = BiaoGeZuJianCollectionViewController.swift; sourceTree = "<group>"; };
		4CFD2497206506DE0060DE56 /* CollectionGridViewLayout.swift */ = {isa = PBXFileReference; lastKnownFileType = sourcecode.swift; path = CollectionGridViewLayout.swift; sourceTree = "<group>"; };
		4CFD2499206507670060DE56 /* UICollectionGridViewCell.swift */ = {isa = PBXFileReference; lastKnownFileType = sourcecode.swift; path = UICollectionGridViewCell.swift; sourceTree = "<group>"; };
		4CFD249B20650AB90060DE56 /* ChartViewController.swift */ = {isa = PBXFileReference; lastKnownFileType = sourcecode.swift; path = ChartViewController.swift; sourceTree = "<group>"; };
		4CFD24B8206529A40060DE56 /* Charts.xcodeproj */ = {isa = PBXFileReference; lastKnownFileType = "wrapper.pb-project"; name = Charts.xcodeproj; path = "Charts-master/Charts.xcodeproj"; sourceTree = "<group>"; };
		4CFFE5D22079F81100305E74 /* MainNetModel.swift */ = {isa = PBXFileReference; lastKnownFileType = sourcecode.swift; path = MainNetModel.swift; sourceTree = "<group>"; };
		4CFFE5DD2079F98800305E74 /* ChanPinFuWuClient.swift */ = {isa = PBXFileReference; lastKnownFileType = sourcecode.swift; path = ChanPinFuWuClient.swift; sourceTree = "<group>"; };
		4CFFE5DF2079FFA900305E74 /* UIViewControllerExtension.swift */ = {isa = PBXFileReference; lastKnownFileType = sourcecode.swift; path = UIViewControllerExtension.swift; sourceTree = "<group>"; };
		4CFFE5E1207A068C00305E74 /* ChanPinWebViewController.swift */ = {isa = PBXFileReference; lastKnownFileType = sourcecode.swift; path = ChanPinWebViewController.swift; sourceTree = "<group>"; };
/* End PBXFileReference section */

/* Begin PBXFrameworksBuildPhase section */
		4C94F32E20591BE70064C4F0 /* Frameworks */ = {
			isa = PBXFrameworksBuildPhase;
			buildActionMask = 2147483647;
			files = (
				4CFD2466206352D30060DE56 /* Alamofire.framework in Frameworks */,
				4CFD24C1206529C90060DE56 /* Charts.framework in Frameworks */,
				4C408299209D5C2E0073EDBD /* SwiftyJSON.framework in Frameworks */,
			);
			runOnlyForDeploymentPostprocessing = 0;
		};
/* End PBXFrameworksBuildPhase section */

/* Begin PBXGroup section */
		4C408281209D5C020073EDBD /* Products */ = {
			isa = PBXGroup;
			children = (
				4C40828C209D5C030073EDBD /* SwiftyJSON.framework */,
				4C40828E209D5C030073EDBD /* SwiftyJSON iOS Tests.xctest */,
				4C408290209D5C030073EDBD /* SwiftyJSON.framework */,
				4C408292209D5C030073EDBD /* SwiftyJSON macOS Tests.xctest */,
				4C408294209D5C030073EDBD /* SwiftyJSON.framework */,
				4C408296209D5C030073EDBD /* SwiftyJSON.framework */,
				4C408298209D5C030073EDBD /* SwiftyJSON tvOS Tests.xctest */,
			);
			name = Products;
			sourceTree = "<group>";
		};
		4C74263A210205A400A0202F /* Products */ = {
			isa = PBXGroup;
			children = (
				4C742642210205A400A0202F /* AFImageHelper.app */,
				4C742644210205A400A0202F /* Demo tvOS.app */,
				4C742646210205A400A0202F /* ImageHelper.framework */,
				4C742648210205A400A0202F /* ImageHelper.framework */,
				4C74264A210205A400A0202F /* ImageHelper.framework */,
			);
			name = Products;
			sourceTree = "<group>";
		};
		4C74265421022D0A00A0202F /* setting */ = {
			isa = PBXGroup;
			children = (
				4C74265521022D4300A0202F /* SettingViewController.swift */,
			);
			path = setting;
			sourceTree = "<group>";
		};
		4C94F32820591BE70064C4F0 = {
			isa = PBXGroup;
			children = (
				4C742639210205A400A0202F /* ImageHelper.xcodeproj */,
				4C408280209D5C020073EDBD /* SwiftyJSON.xcodeproj */,
				4CFD24B8206529A40060DE56 /* Charts.xcodeproj */,
				4CFD244D206351F70060DE56 /* Alamofire.xcodeproj */,
				4C94F33320591BE70064C4F0 /* ShenNongTong */,
				4C94F34A20591EE20064C4F0 /* HomePage Controller */,
				4CF9F672207DEBEB00B309BE /* Controller */,
				4C94F34920591E9E0064C4F0 /* Model */,
				4CE61238206CBA7E0055DBBB /* chatModel */,
				4CFFE5DC2079F95500305E74 /* clients */,
				4CE6123F206CBE690055DBBB /* ChatTableView */,
				4CFD246C206356620060DE56 /* NetWork */,
				4CFD2494206505CB0060DE56 /* BiaoGe */,
				4C9C80822073AF8100AD1444 /* extension */,
				4C94F33220591BE70064C4F0 /* Products */,
			);
			sourceTree = "<group>";
		};
		4C94F33220591BE70064C4F0 /* Products */ = {
			isa = PBXGroup;
			children = (
				4C94F33120591BE70064C4F0 /* ShenNongTong.app */,
			);
			name = Products;
			sourceTree = "<group>";
		};
		4C94F33320591BE70064C4F0 /* ShenNongTong */ = {
			isa = PBXGroup;
			children = (
				4C94F33420591BE70064C4F0 /* AppDelegate.swift */,
				4C94F33820591BE70064C4F0 /* Main.storyboard */,
				4C94F33B20591BE70064C4F0 /* Assets.xcassets */,
				4C94F33D20591BE70064C4F0 /* LaunchScreen.storyboard */,
				4C94F34020591BE80064C4F0 /* Info.plist */,
				4C98458F2073A49400E22CD7 /* Images.xcassets */,
				4C74264F210207B600A0202F /* ShenNongTong.xcdatamodeld */,
				4C74265B210B494500A0202F /* productsList.plist */,
				4C742661210C475700A0202F /* positionList.plist */,
				4CF87E38210DC74200ADC4E4 /* Images-2.xcassets */,
			);
			path = ShenNongTong;
			sourceTree = "<group>";
		};
		4C94F34820591E220064C4F0 /* ChanYeZiXun Controller */ = {
			isa = PBXGroup;
			children = (
				4C94F34620591E140064C4F0 /* ChanYeZiXunViewController.swift */,
				4C74D6082060E68F00373012 /* WebNewsViewController.swift */,
				4CADB18320935E7700F1FCA2 /* NewsTabBarViewController.swift */,
				4C4082562099B1A00073EDBD /* LiuYanMessageViewController.swift */,
				4C4082602099B2940073EDBD /* PostLiuYanViewController.swift */,
				4C81E33A20F38B58003C4F84 /* WKWebNewsViewController.swift */,
			);
			path = "ChanYeZiXun Controller";
			sourceTree = "<group>";
		};
		4C94F34920591E9E0064C4F0 /* Model */ = {
			isa = PBXGroup;
			children = (
				4C74D60A2060EDB800373012 /* NewsModel.swift */,
				4C26C57920623844009A1016 /* ServiceKinds.swift */,
				4C26C57B206252EA009A1016 /* UserModel.swift */,
				4C26C57D2062530D009A1016 /* KindsModel.swift */,
				4CFD246F2063A4C00060DE56 /* PriceAndKindsModel.swift */,
				4CFFE5D22079F81100305E74 /* MainNetModel.swift */,
				4C408268209B00C40073EDBD /* LiuYanMessageModel.swift */,
			);
			path = Model;
			sourceTree = "<group>";
		};
		4C94F34A20591EE20064C4F0 /* HomePage Controller */ = {
			isa = PBXGroup;
			children = (
				4C94F33620591BE70064C4F0 /* ViewController.swift */,
			);
			path = "HomePage Controller";
			sourceTree = "<group>";
		};
		4C94F34F205A1A220064C4F0 /* price Controller */ = {
			isa = PBXGroup;
			children = (
				4C94F350205A1A5C0064C4F0 /* PriceViewController.swift */,
				4CFD249B20650AB90060DE56 /* ChartViewController.swift */,
			);
			path = "price Controller";
			sourceTree = "<group>";
		};
		4C94F352205A1F680064C4F0 /* position Controller */ = {
			isa = PBXGroup;
			children = (
				4C94F356205A51710064C4F0 /* PositionViewController.swift */,
				4CE611F020690BEF0055DBBB /* MapViewController.swift */,
			);
			path = "position Controller";
			sourceTree = "<group>";
		};
		4C94F353205A1F7D0064C4F0 /* ChanPinFuWu Controller */ = {
			isa = PBXGroup;
			children = (
				4C94F358205A51850064C4F0 /* ChanPinFuWuViewController.swift */,
				4CFFE5E1207A068C00305E74 /* ChanPinWebViewController.swift */,
			);
			path = "ChanPinFuWu Controller";
			sourceTree = "<group>";
		};
		4C94F354205A1FCB0064C4F0 /* SmartChat Controller  */ = {
			isa = PBXGroup;
			children = (
				4C94F35C205A51AF0064C4F0 /* SmartChatViewController.swift */,
			);
			path = "SmartChat Controller ";
			sourceTree = "<group>";
		};
		4C94F355205A1FE50064C4F0 /* ProView Controller */ = {
			isa = PBXGroup;
			children = (
				4C94F35A205A519E0064C4F0 /* ProViewController.swift */,
				4CADB173208F347E00F1FCA2 /* RegisterViewController.swift */,
				4C81E2EF20EB6307003C4F84 /* UserDetailViewController.swift */,
			);
			path = "ProView Controller";
			sourceTree = "<group>";
		};
		4C9C80822073AF8100AD1444 /* extension */ = {
			isa = PBXGroup;
			children = (
				4C9C808D2073AFFF00AD1444 /* reSizeImage.swift */,
				4CFFE5DF2079FFA900305E74 /* UIViewControllerExtension.swift */,
			);
			path = extension;
			sourceTree = "<group>";
		};
		4CE61238206CBA7E0055DBBB /* chatModel */ = {
			isa = PBXGroup;
			children = (
				4CE61239206CBAB50055DBBB /* ChatDataSource.swift */,
				4CE6123B206CBC970055DBBB /* UserInfo.swift */,
				4CE6123D206CBD190055DBBB /* MessageItem.swift */,
			);
			path = chatModel;
			sourceTree = "<group>";
		};
		4CE6123F206CBE690055DBBB /* ChatTableView */ = {
			isa = PBXGroup;
			children = (
				4CE61240206CBEB00055DBBB /* TableViewCell.swift */,
				4CE61242206CBEFF0055DBBB /* TableHeaderViewCell.swift */,
				4CE61244206CBF1C0055DBBB /* TableView.swift */,
			);
			path = ChatTableView;
			sourceTree = "<group>";
		};
		4CF9F672207DEBEB00B309BE /* Controller */ = {
			isa = PBXGroup;
			children = (
				4C74265421022D0A00A0202F /* setting */,
				4C94F34F205A1A220064C4F0 /* price Controller */,
				4C94F352205A1F680064C4F0 /* position Controller */,
				4C94F353205A1F7D0064C4F0 /* ChanPinFuWu Controller */,
				4C94F355205A1FE50064C4F0 /* ProView Controller */,
				4C94F354205A1FCB0064C4F0 /* SmartChat Controller  */,
				4C94F34820591E220064C4F0 /* ChanYeZiXun Controller */,
			);
			path = Controller;
			sourceTree = "<group>";
		};
		4CFD244E206351F70060DE56 /* Products */ = {
			isa = PBXGroup;
			children = (
				4CFD2459206351F70060DE56 /* Alamofire.framework */,
				4CFD245B206351F70060DE56 /* Alamofire iOS Tests.xctest */,
				4CFD245D206351F70060DE56 /* Alamofire.framework */,
				4CFD245F206351F70060DE56 /* Alamofire macOS Tests.xctest */,
				4CFD2461206351F70060DE56 /* Alamofire.framework */,
				4CFD2463206351F70060DE56 /* Alamofire tvOS Tests.xctest */,
				4CFD2465206351F70060DE56 /* Alamofire.framework */,
			);
			name = Products;
			sourceTree = "<group>";
		};
		4CFD246C206356620060DE56 /* NetWork */ = {
			isa = PBXGroup;
			children = (
				4CFD246D206356E50060DE56 /* NetPingTest.swift */,
				4C74265221020AD200A0202F /* MyURLProtocal.swift */,
			);
			path = NetWork;
			sourceTree = "<group>";
		};
		4CFD2494206505CB0060DE56 /* BiaoGe */ = {
			isa = PBXGroup;
			children = (
				4CFD2495206506370060DE56 /* BiaoGeZuJianCollectionViewController.swift */,
				4CFD2497206506DE0060DE56 /* CollectionGridViewLayout.swift */,
				4CFD2499206507670060DE56 /* UICollectionGridViewCell.swift */,
			);
			path = BiaoGe;
			sourceTree = "<group>";
		};
		4CFD24B9206529A40060DE56 /* Products */ = {
			isa = PBXGroup;
			children = (
				4CFD24BE206529A50060DE56 /* Charts.framework */,
				4CFD24C0206529A50060DE56 /* ChartsTests.xctest */,
			);
			name = Products;
			sourceTree = "<group>";
		};
		4CFFE5DC2079F95500305E74 /* clients */ = {
			isa = PBXGroup;
			children = (
				4CFFE5DD2079F98800305E74 /* ChanPinFuWuClient.swift */,
				4CB4BC76207B927B00597754 /* newsClient.swift */,
				4CF9F668207C952600B309BE /* priceClient.swift */,
				4CADB171208F27A400F1FCA2 /* loginClient.swift */,
				4CADB1752090B03500F1FCA2 /* registerClient.swift */,
				4C4082622099D6B20073EDBD /* LiuYanClient.swift */,
				4C4082642099F4350073EDBD /* PostLiuYanClient.swift */,
				4C81E2F120EB6849003C4F84 /* LogOutClient.swift */,
				4C81E2F320EB812A003C4F84 /* RequestNameClient.swift */,
			);
			path = clients;
			sourceTree = "<group>";
		};
/* End PBXGroup section */

/* Begin PBXHeadersBuildPhase section */
		4C74B25B2062A26F00E6EBAA /* Headers */ = {
			isa = PBXHeadersBuildPhase;
			buildActionMask = 2147483647;
			files = (
			);
			runOnlyForDeploymentPostprocessing = 0;
		};
/* End PBXHeadersBuildPhase section */

/* Begin PBXNativeTarget section */
		4C94F33020591BE70064C4F0 /* ShenNongTong */ = {
			isa = PBXNativeTarget;
			buildConfigurationList = 4C94F34320591BE80064C4F0 /* Build configuration list for PBXNativeTarget "ShenNongTong" */;
			buildPhases = (
				4C94F32D20591BE70064C4F0 /* Sources */,
				4C94F32E20591BE70064C4F0 /* Frameworks */,
				4C74B25B2062A26F00E6EBAA /* Headers */,
				4C74B25C2062A2CF00E6EBAA /* Resources */,
				4CFD246A206352D30060DE56 /* Embed Frameworks */,
			);
			buildRules = (
			);
			dependencies = (
				4CFD2469206352D30060DE56 /* PBXTargetDependency */,
				4CFD24C4206529C90060DE56 /* PBXTargetDependency */,
				4C40829C209D5C2E0073EDBD /* PBXTargetDependency */,
			);
			name = ShenNongTong;
			productName = ShenNongTong;
			productReference = 4C94F33120591BE70064C4F0 /* ShenNongTong.app */;
			productType = "com.apple.product-type.application";
		};
/* End PBXNativeTarget section */

/* Begin PBXProject section */
		4C94F32920591BE70064C4F0 /* Project object */ = {
			isa = PBXProject;
			attributes = {
				LastSwiftUpdateCheck = 0920;
				LastUpgradeCheck = 0920;
				ORGANIZATIONNAME = OS;
				TargetAttributes = {
					4C94F33020591BE70064C4F0 = {
						CreatedOnToolsVersion = 9.2;
						ProvisioningStyle = Automatic;
					};
				};
			};
			buildConfigurationList = 4C94F32C20591BE70064C4F0 /* Build configuration list for PBXProject "ShenNongTong" */;
			compatibilityVersion = "Xcode 8.0";
			developmentRegion = en;
			hasScannedForEncodings = 0;
			knownRegions = (
				en,
				Base,
			);
			mainGroup = 4C94F32820591BE70064C4F0;
			productRefGroup = 4C94F33220591BE70064C4F0 /* Products */;
			projectDirPath = "";
			projectReferences = (
				{
					ProductGroup = 4CFD244E206351F70060DE56 /* Products */;
					ProjectRef = 4CFD244D206351F70060DE56 /* Alamofire.xcodeproj */;
				},
				{
					ProductGroup = 4CFD24B9206529A40060DE56 /* Products */;
					ProjectRef = 4CFD24B8206529A40060DE56 /* Charts.xcodeproj */;
				},
				{
					ProductGroup = 4C74263A210205A400A0202F /* Products */;
					ProjectRef = 4C742639210205A400A0202F /* ImageHelper.xcodeproj */;
				},
				{
					ProductGroup = 4C408281209D5C020073EDBD /* Products */;
					ProjectRef = 4C408280209D5C020073EDBD /* SwiftyJSON.xcodeproj */;
				},
			);
			projectRoot = "";
			targets = (
				4C94F33020591BE70064C4F0 /* ShenNongTong */,
			);
		};
/* End PBXProject section */

/* Begin PBXReferenceProxy section */
		4C40828C209D5C030073EDBD /* SwiftyJSON.framework */ = {
			isa = PBXReferenceProxy;
			fileType = wrapper.framework;
			path = SwiftyJSON.framework;
			remoteRef = 4C40828B209D5C030073EDBD /* PBXContainerItemProxy */;
			sourceTree = BUILT_PRODUCTS_DIR;
		};
		4C40828E209D5C030073EDBD /* SwiftyJSON iOS Tests.xctest */ = {
			isa = PBXReferenceProxy;
			fileType = wrapper.cfbundle;
			path = "SwiftyJSON iOS Tests.xctest";
			remoteRef = 4C40828D209D5C030073EDBD /* PBXContainerItemProxy */;
			sourceTree = BUILT_PRODUCTS_DIR;
		};
		4C408290209D5C030073EDBD /* SwiftyJSON.framework */ = {
			isa = PBXReferenceProxy;
			fileType = wrapper.framework;
			path = SwiftyJSON.framework;
			remoteRef = 4C40828F209D5C030073EDBD /* PBXContainerItemProxy */;
			sourceTree = BUILT_PRODUCTS_DIR;
		};
		4C408292209D5C030073EDBD /* SwiftyJSON macOS Tests.xctest */ = {
			isa = PBXReferenceProxy;
			fileType = wrapper.cfbundle;
			path = "SwiftyJSON macOS Tests.xctest";
			remoteRef = 4C408291209D5C030073EDBD /* PBXContainerItemProxy */;
			sourceTree = BUILT_PRODUCTS_DIR;
		};
		4C408294209D5C030073EDBD /* SwiftyJSON.framework */ = {
			isa = PBXReferenceProxy;
			fileType = wrapper.framework;
			path = SwiftyJSON.framework;
			remoteRef = 4C408293209D5C030073EDBD /* PBXContainerItemProxy */;
			sourceTree = BUILT_PRODUCTS_DIR;
		};
		4C408296209D5C030073EDBD /* SwiftyJSON.framework */ = {
			isa = PBXReferenceProxy;
			fileType = wrapper.framework;
			path = SwiftyJSON.framework;
			remoteRef = 4C408295209D5C030073EDBD /* PBXContainerItemProxy */;
			sourceTree = BUILT_PRODUCTS_DIR;
		};
		4C408298209D5C030073EDBD /* SwiftyJSON tvOS Tests.xctest */ = {
			isa = PBXReferenceProxy;
			fileType = wrapper.cfbundle;
			path = "SwiftyJSON tvOS Tests.xctest";
			remoteRef = 4C408297209D5C030073EDBD /* PBXContainerItemProxy */;
			sourceTree = BUILT_PRODUCTS_DIR;
		};
		4C742642210205A400A0202F /* AFImageHelper.app */ = {
			isa = PBXReferenceProxy;
			fileType = wrapper.application;
			path = AFImageHelper.app;
			remoteRef = 4C742641210205A400A0202F /* PBXContainerItemProxy */;
			sourceTree = BUILT_PRODUCTS_DIR;
		};
		4C742644210205A400A0202F /* Demo tvOS.app */ = {
			isa = PBXReferenceProxy;
			fileType = wrapper.application;
			path = "Demo tvOS.app";
			remoteRef = 4C742643210205A400A0202F /* PBXContainerItemProxy */;
			sourceTree = BUILT_PRODUCTS_DIR;
		};
		4C742646210205A400A0202F /* ImageHelper.framework */ = {
			isa = PBXReferenceProxy;
			fileType = wrapper.framework;
			path = ImageHelper.framework;
			remoteRef = 4C742645210205A400A0202F /* PBXContainerItemProxy */;
			sourceTree = BUILT_PRODUCTS_DIR;
		};
		4C742648210205A400A0202F /* ImageHelper.framework */ = {
			isa = PBXReferenceProxy;
			fileType = wrapper.framework;
			path = ImageHelper.framework;
			remoteRef = 4C742647210205A400A0202F /* PBXContainerItemProxy */;
			sourceTree = BUILT_PRODUCTS_DIR;
		};
		4C74264A210205A400A0202F /* ImageHelper.framework */ = {
			isa = PBXReferenceProxy;
			fileType = wrapper.framework;
			path = ImageHelper.framework;
			remoteRef = 4C742649210205A400A0202F /* PBXContainerItemProxy */;
			sourceTree = BUILT_PRODUCTS_DIR;
		};
		4CFD2459206351F70060DE56 /* Alamofire.framework */ = {
			isa = PBXReferenceProxy;
			fileType = wrapper.framework;
			path = Alamofire.framework;
			remoteRef = 4CFD2458206351F70060DE56 /* PBXContainerItemProxy */;
			sourceTree = BUILT_PRODUCTS_DIR;
		};
		4CFD245B206351F70060DE56 /* Alamofire iOS Tests.xctest */ = {
			isa = PBXReferenceProxy;
			fileType = wrapper.cfbundle;
			path = "Alamofire iOS Tests.xctest";
			remoteRef = 4CFD245A206351F70060DE56 /* PBXContainerItemProxy */;
			sourceTree = BUILT_PRODUCTS_DIR;
		};
		4CFD245D206351F70060DE56 /* Alamofire.framework */ = {
			isa = PBXReferenceProxy;
			fileType = wrapper.framework;
			path = Alamofire.framework;
			remoteRef = 4CFD245C206351F70060DE56 /* PBXContainerItemProxy */;
			sourceTree = BUILT_PRODUCTS_DIR;
		};
		4CFD245F206351F70060DE56 /* Alamofire macOS Tests.xctest */ = {
			isa = PBXReferenceProxy;
			fileType = wrapper.cfbundle;
			path = "Alamofire macOS Tests.xctest";
			remoteRef = 4CFD245E206351F70060DE56 /* PBXContainerItemProxy */;
			sourceTree = BUILT_PRODUCTS_DIR;
		};
		4CFD2461206351F70060DE56 /* Alamofire.framework */ = {
			isa = PBXReferenceProxy;
			fileType = wrapper.framework;
			path = Alamofire.framework;
			remoteRef = 4CFD2460206351F70060DE56 /* PBXContainerItemProxy */;
			sourceTree = BUILT_PRODUCTS_DIR;
		};
		4CFD2463206351F70060DE56 /* Alamofire tvOS Tests.xctest */ = {
			isa = PBXReferenceProxy;
			fileType = wrapper.cfbundle;
			path = "Alamofire tvOS Tests.xctest";
			remoteRef = 4CFD2462206351F70060DE56 /* PBXContainerItemProxy */;
			sourceTree = BUILT_PRODUCTS_DIR;
		};
		4CFD2465206351F70060DE56 /* Alamofire.framework */ = {
			isa = PBXReferenceProxy;
			fileType = wrapper.framework;
			path = Alamofire.framework;
			remoteRef = 4CFD2464206351F70060DE56 /* PBXContainerItemProxy */;
			sourceTree = BUILT_PRODUCTS_DIR;
		};
		4CFD24BE206529A50060DE56 /* Charts.framework */ = {
			isa = PBXReferenceProxy;
			fileType = wrapper.framework;
			path = Charts.framework;
			remoteRef = 4CFD24BD206529A50060DE56 /* PBXContainerItemProxy */;
			sourceTree = BUILT_PRODUCTS_DIR;
		};
		4CFD24C0206529A50060DE56 /* ChartsTests.xctest */ = {
			isa = PBXReferenceProxy;
			fileType = wrapper.cfbundle;
			path = ChartsTests.xctest;
			remoteRef = 4CFD24BF206529A50060DE56 /* PBXContainerItemProxy */;
			sourceTree = BUILT_PRODUCTS_DIR;
		};
/* End PBXReferenceProxy section */

/* Begin PBXResourcesBuildPhase section */
		4C74B25C2062A2CF00E6EBAA /* Resources */ = {
			isa = PBXResourcesBuildPhase;
			buildActionMask = 2147483647;
			files = (
				4C74B27F2062A42800E6EBAA /* LaunchScreen.storyboard in Resources */,
				4C9845902073A49400E22CD7 /* Images.xcassets in Resources */,
				4CF87E39210DC74200ADC4E4 /* Images-2.xcassets in Resources */,
				4C74265C210B494500A0202F /* productsList.plist in Resources */,
				4C742662210C475700A0202F /* positionList.plist in Resources */,
				4C74B25E2062A2ED00E6EBAA /* Main.storyboard in Resources */,
				4C74B25D2062A2E300E6EBAA /* Assets.xcassets in Resources */,
			);
			runOnlyForDeploymentPostprocessing = 0;
		};
/* End PBXResourcesBuildPhase section */

/* Begin PBXSourcesBuildPhase section */
		4C94F32D20591BE70064C4F0 /* Sources */ = {
			isa = PBXSourcesBuildPhase;
			buildActionMask = 2147483647;
			files = (
				4C4082612099B2940073EDBD /* PostLiuYanViewController.swift in Sources */,
				4CFD249A206507670060DE56 /* UICollectionGridViewCell.swift in Sources */,
				4C9C808E2073AFFF00AD1444 /* reSizeImage.swift in Sources */,
				4CB4BC77207B927B00597754 /* newsClient.swift in Sources */,
				4C26C57A20623844009A1016 /* ServiceKinds.swift in Sources */,
				4C94F35B205A519E0064C4F0 /* ProViewController.swift in Sources */,
				4C74265321020AD200A0202F /* MyURLProtocal.swift in Sources */,
				4C26C57E2062530D009A1016 /* KindsModel.swift in Sources */,
				4C4082632099D6B20073EDBD /* LiuYanClient.swift in Sources */,
				4CADB172208F27A400F1FCA2 /* loginClient.swift in Sources */,
				4C742651210207B600A0202F /* ShenNongTong.xcdatamodeld in Sources */,
				4CFFE5DE2079F98800305E74 /* ChanPinFuWuClient.swift in Sources */,
				4C81E2F020EB6307003C4F84 /* UserDetailViewController.swift in Sources */,
				4C4082572099B1A00073EDBD /* LiuYanMessageViewController.swift in Sources */,
				4CE61245206CBF1C0055DBBB /* TableView.swift in Sources */,
				4C94F33720591BE70064C4F0 /* ViewController.swift in Sources */,
				4CFD249C20650AB90060DE56 /* ChartViewController.swift in Sources */,
				4C81E2F420EB812A003C4F84 /* RequestNameClient.swift in Sources */,
				4CE6123C206CBC970055DBBB /* UserInfo.swift in Sources */,
				4C74D6092060E68F00373012 /* WebNewsViewController.swift in Sources */,
				4CE6123E206CBD190055DBBB /* MessageItem.swift in Sources */,
				4C94F359205A51850064C4F0 /* ChanPinFuWuViewController.swift in Sources */,
				4C81E33B20F38B58003C4F84 /* WKWebNewsViewController.swift in Sources */,
				4C94F34720591E140064C4F0 /* ChanYeZiXunViewController.swift in Sources */,
				4C94F357205A51710064C4F0 /* PositionViewController.swift in Sources */,
				4CE61243206CBEFF0055DBBB /* TableHeaderViewCell.swift in Sources */,
				4CFD2498206506DE0060DE56 /* CollectionGridViewLayout.swift in Sources */,
				4CFD2496206506370060DE56 /* BiaoGeZuJianCollectionViewController.swift in Sources */,
				4CFFE5E02079FFA900305E74 /* UIViewControllerExtension.swift in Sources */,
				4C408269209B00C40073EDBD /* LiuYanMessageModel.swift in Sources */,
				4CE611F120690BEF0055DBBB /* MapViewController.swift in Sources */,
				4C74D60B2060EDB800373012 /* NewsModel.swift in Sources */,
				4C81E2F220EB6849003C4F84 /* LogOutClient.swift in Sources */,
				4C94F351205A1A5C0064C4F0 /* PriceViewController.swift in Sources */,
				4C74265621022D4300A0202F /* SettingViewController.swift in Sources */,
				4C4082652099F4350073EDBD /* PostLiuYanClient.swift in Sources */,
				4CF9F669207C952600B309BE /* priceClient.swift in Sources */,
				4CFFE5E2207A068C00305E74 /* ChanPinWebViewController.swift in Sources */,
				4CADB1762090B03500F1FCA2 /* registerClient.swift in Sources */,
				4CADB174208F347E00F1FCA2 /* RegisterViewController.swift in Sources */,
				4CE6123A206CBAB50055DBBB /* ChatDataSource.swift in Sources */,
				4C94F35D205A51AF0064C4F0 /* SmartChatViewController.swift in Sources */,
				4CFFE5D32079F81100305E74 /* MainNetModel.swift in Sources */,
				4CE61241206CBEB00055DBBB /* TableViewCell.swift in Sources */,
				4CADB18420935E7700F1FCA2 /* NewsTabBarViewController.swift in Sources */,
				4CFD24702063A4C00060DE56 /* PriceAndKindsModel.swift in Sources */,
				4CFD246E206356E50060DE56 /* NetPingTest.swift in Sources */,
				4C26C57C206252EA009A1016 /* UserModel.swift in Sources */,
				4C94F33520591BE70064C4F0 /* AppDelegate.swift in Sources */,
			);
			runOnlyForDeploymentPostprocessing = 0;
		};
/* End PBXSourcesBuildPhase section */

/* Begin PBXTargetDependency section */
		4C40829C209D5C2E0073EDBD /* PBXTargetDependency */ = {
			isa = PBXTargetDependency;
			name = "SwiftyJSON iOS";
			targetProxy = 4C40829B209D5C2E0073EDBD /* PBXContainerItemProxy */;
		};
		4CFD2469206352D30060DE56 /* PBXTargetDependency */ = {
			isa = PBXTargetDependency;
			name = "Alamofire iOS";
			targetProxy = 4CFD2468206352D30060DE56 /* PBXContainerItemProxy */;
		};
		4CFD24C4206529C90060DE56 /* PBXTargetDependency */ = {
			isa = PBXTargetDependency;
			name = Charts;
			targetProxy = 4CFD24C3206529C90060DE56 /* PBXContainerItemProxy */;
		};
/* End PBXTargetDependency section */

/* Begin PBXVariantGroup section */
		4C94F33820591BE70064C4F0 /* Main.storyboard */ = {
			isa = PBXVariantGroup;
			children = (
				4C94F33920591BE70064C4F0 /* Base */,
			);
			name = Main.storyboard;
			sourceTree = "<group>";
		};
		4C94F33D20591BE70064C4F0 /* LaunchScreen.storyboard */ = {
			isa = PBXVariantGroup;
			children = (
				4C94F33E20591BE70064C4F0 /* Base */,
			);
			name = LaunchScreen.storyboard;
			sourceTree = "<group>";
		};
/* End PBXVariantGroup section */

/* Begin XCBuildConfiguration section */
		4C94F34120591BE80064C4F0 /* Debug */ = {
			isa = XCBuildConfiguration;
			buildSettings = {
				ALWAYS_EMBED_SWIFT_STANDARD_LIBRARIES = YES;
				ALWAYS_SEARCH_USER_PATHS = NO;
				CLANG_ANALYZER_NONNULL = YES;
				CLANG_ANALYZER_NUMBER_OBJECT_CONVERSION = YES_AGGRESSIVE;
				CLANG_CXX_LANGUAGE_STANDARD = "gnu++14";
				CLANG_CXX_LIBRARY = "libc++";
				CLANG_ENABLE_MODULES = YES;
				CLANG_ENABLE_OBJC_ARC = YES;
				CLANG_WARN_BLOCK_CAPTURE_AUTORELEASING = YES;
				CLANG_WARN_BOOL_CONVERSION = YES;
				CLANG_WARN_COMMA = YES;
				CLANG_WARN_CONSTANT_CONVERSION = YES;
				CLANG_WARN_DIRECT_OBJC_ISA_USAGE = YES_ERROR;
				CLANG_WARN_DOCUMENTATION_COMMENTS = YES;
				CLANG_WARN_EMPTY_BODY = YES;
				CLANG_WARN_ENUM_CONVERSION = YES;
				CLANG_WARN_INFINITE_RECURSION = YES;
				CLANG_WARN_INT_CONVERSION = YES;
				CLANG_WARN_NON_LITERAL_NULL_CONVERSION = YES;
				CLANG_WARN_OBJC_LITERAL_CONVERSION = YES;
				CLANG_WARN_OBJC_ROOT_CLASS = YES_ERROR;
				CLANG_WARN_RANGE_LOOP_ANALYSIS = YES;
				CLANG_WARN_STRICT_PROTOTYPES = YES;
				CLANG_WARN_SUSPICIOUS_MOVE = YES;
				CLANG_WARN_UNGUARDED_AVAILABILITY = YES_AGGRESSIVE;
				CLANG_WARN_UNREACHABLE_CODE = YES;
				CLANG_WARN__DUPLICATE_METHOD_MATCH = YES;
				CODE_SIGN_IDENTITY = "iPhone Developer";
				COPY_PHASE_STRIP = NO;
				DEBUG_INFORMATION_FORMAT = dwarf;
				ENABLE_STRICT_OBJC_MSGSEND = YES;
				ENABLE_TESTABILITY = YES;
				GCC_C_LANGUAGE_STANDARD = gnu11;
				GCC_DYNAMIC_NO_PIC = NO;
				GCC_NO_COMMON_BLOCKS = YES;
				GCC_OPTIMIZATION_LEVEL = 0;
				GCC_PREPROCESSOR_DEFINITIONS = (
					"DEBUG=1",
					"$(inherited)",
				);
				GCC_WARN_64_TO_32_BIT_CONVERSION = YES;
				GCC_WARN_ABOUT_RETURN_TYPE = YES_ERROR;
				GCC_WARN_UNDECLARED_SELECTOR = YES;
				GCC_WARN_UNINITIALIZED_AUTOS = YES_AGGRESSIVE;
				GCC_WARN_UNUSED_FUNCTION = YES;
				GCC_WARN_UNUSED_VARIABLE = YES;
				IPHONEOS_DEPLOYMENT_TARGET = 11.2;
				MTL_ENABLE_DEBUG_INFO = YES;
				ONLY_ACTIVE_ARCH = YES;
				SDKROOT = iphoneos;
				SWIFT_ACTIVE_COMPILATION_CONDITIONS = DEBUG;
				SWIFT_OPTIMIZATION_LEVEL = "-Onone";
			};
			name = Debug;
		};
		4C94F34220591BE80064C4F0 /* Release */ = {
			isa = XCBuildConfiguration;
			buildSettings = {
				ALWAYS_EMBED_SWIFT_STANDARD_LIBRARIES = YES;
				ALWAYS_SEARCH_USER_PATHS = NO;
				CLANG_ANALYZER_NONNULL = YES;
				CLANG_ANALYZER_NUMBER_OBJECT_CONVERSION = YES_AGGRESSIVE;
				CLANG_CXX_LANGUAGE_STANDARD = "gnu++14";
				CLANG_CXX_LIBRARY = "libc++";
				CLANG_ENABLE_MODULES = YES;
				CLANG_ENABLE_OBJC_ARC = YES;
				CLANG_WARN_BLOCK_CAPTURE_AUTORELEASING = YES;
				CLANG_WARN_BOOL_CONVERSION = YES;
				CLANG_WARN_COMMA = YES;
				CLANG_WARN_CONSTANT_CONVERSION = YES;
				CLANG_WARN_DIRECT_OBJC_ISA_USAGE = YES_ERROR;
				CLANG_WARN_DOCUMENTATION_COMMENTS = YES;
				CLANG_WARN_EMPTY_BODY = YES;
				CLANG_WARN_ENUM_CONVERSION = YES;
				CLANG_WARN_INFINITE_RECURSION = YES;
				CLANG_WARN_INT_CONVERSION = YES;
				CLANG_WARN_NON_LITERAL_NULL_CONVERSION = YES;
				CLANG_WARN_OBJC_LITERAL_CONVERSION = YES;
				CLANG_WARN_OBJC_ROOT_CLASS = YES_ERROR;
				CLANG_WARN_RANGE_LOOP_ANALYSIS = YES;
				CLANG_WARN_STRICT_PROTOTYPES = YES;
				CLANG_WARN_SUSPICIOUS_MOVE = YES;
				CLANG_WARN_UNGUARDED_AVAILABILITY = YES_AGGRESSIVE;
				CLANG_WARN_UNREACHABLE_CODE = YES;
				CLANG_WARN__DUPLICATE_METHOD_MATCH = YES;
				CODE_SIGN_IDENTITY = "iPhone Developer";
				COPY_PHASE_STRIP = NO;
				DEBUG_INFORMATION_FORMAT = "dwarf-with-dsym";
				ENABLE_NS_ASSERTIONS = NO;
				ENABLE_STRICT_OBJC_MSGSEND = YES;
				GCC_C_LANGUAGE_STANDARD = gnu11;
				GCC_NO_COMMON_BLOCKS = YES;
				GCC_WARN_64_TO_32_BIT_CONVERSION = YES;
				GCC_WARN_ABOUT_RETURN_TYPE = YES_ERROR;
				GCC_WARN_UNDECLARED_SELECTOR = YES;
				GCC_WARN_UNINITIALIZED_AUTOS = YES_AGGRESSIVE;
				GCC_WARN_UNUSED_FUNCTION = YES;
				GCC_WARN_UNUSED_VARIABLE = YES;
				IPHONEOS_DEPLOYMENT_TARGET = 11.2;
				MTL_ENABLE_DEBUG_INFO = NO;
				SDKROOT = iphoneos;
				SWIFT_OPTIMIZATION_LEVEL = "-Owholemodule";
				VALIDATE_PRODUCT = YES;
			};
			name = Release;
		};
		4C94F34420591BE80064C4F0 /* Debug */ = {
			isa = XCBuildConfiguration;
			buildSettings = {
				ALWAYS_EMBED_SWIFT_STANDARD_LIBRARIES = YES;
				ASSETCATALOG_COMPILER_APPICON_NAME = AppIcon;
				ASSETCATALOG_COMPILER_LAUNCHIMAGE_NAME = LaunchImage;
				CODE_SIGN_STYLE = Automatic;
				DEVELOPMENT_TEAM = 9KKJP4VWYP;
				INFOPLIST_FILE = ShenNongTong/Info.plist;
				LD_RUNPATH_SEARCH_PATHS = "$(inherited) @executable_path/Frameworks";
				PRODUCT_BUNDLE_IDENTIFIER = Li.ShenNongTong;
				PRODUCT_NAME = "$(TARGET_NAME)";
				SWIFT_VERSION = 4.0;
				TARGETED_DEVICE_FAMILY = "1,2";
			};
			name = Debug;
		};
		4C94F34520591BE80064C4F0 /* Release */ = {
			isa = XCBuildConfiguration;
			buildSettings = {
				ALWAYS_EMBED_SWIFT_STANDARD_LIBRARIES = YES;
				ASSETCATALOG_COMPILER_APPICON_NAME = AppIcon;
				ASSETCATALOG_COMPILER_LAUNCHIMAGE_NAME = LaunchImage;
				CODE_SIGN_STYLE = Automatic;
				DEVELOPMENT_TEAM = 9KKJP4VWYP;
				INFOPLIST_FILE = ShenNongTong/Info.plist;
				LD_RUNPATH_SEARCH_PATHS = "$(inherited) @executable_path/Frameworks";
				PRODUCT_BUNDLE_IDENTIFIER = Li.ShenNongTong;
				PRODUCT_NAME = "$(TARGET_NAME)";
				SWIFT_VERSION = 4.0;
				TARGETED_DEVICE_FAMILY = "1,2";
			};
			name = Release;
		};
/* End XCBuildConfiguration section */

/* Begin XCConfigurationList section */
		4C94F32C20591BE70064C4F0 /* Build configuration list for PBXProject "ShenNongTong" */ = {
			isa = XCConfigurationList;
			buildConfigurations = (
				4C94F34120591BE80064C4F0 /* Debug */,
				4C94F34220591BE80064C4F0 /* Release */,
			);
			defaultConfigurationIsVisible = 0;
			defaultConfigurationName = Release;
		};
		4C94F34320591BE80064C4F0 /* Build configuration list for PBXNativeTarget "ShenNongTong" */ = {
			isa = XCConfigurationList;
			buildConfigurations = (
				4C94F34420591BE80064C4F0 /* Debug */,
				4C94F34520591BE80064C4F0 /* Release */,
			);
			defaultConfigurationIsVisible = 0;
			defaultConfigurationName = Release;
		};
/* End XCConfigurationList section */

/* Begin XCVersionGroup section */
		4C74264F210207B600A0202F /* ShenNongTong.xcdatamodeld */ = {
			isa = XCVersionGroup;
			children = (
				4C742650210207B600A0202F /* ShenNongTong.xcdatamodel */,
			);
			currentVersion = 4C742650210207B600A0202F /* ShenNongTong.xcdatamodel */;
			path = ShenNongTong.xcdatamodeld;
			sourceTree = "<group>";
			versionGroupType = wrapper.xcdatamodel;
		};
/* End XCVersionGroup section */
	};
	rootObject = 4C94F32920591BE70064C4F0 /* Project object */;
}
