// !$*UTF8*$!
{
	archiveVersion = 1;
	classes = {
	};
	objectVersion = 48;
	objects = {

/* Begin PBXBuildFile section */
		4C94F33520591BE70064C4F0 /* AppDelegate.swift in Sources */ = {isa = PBXBuildFile; fileRef = 4C94F33420591BE70064C4F0 /* AppDelegate.swift */; };
		4C94F33720591BE70064C4F0 /* ViewController.swift in Sources */ = {isa = PBXBuildFile; fileRef = 4C94F33620591BE70064C4F0 /* ViewController.swift */; };
		4C94F33A20591BE70064C4F0 /* Main.storyboard in Resources */ = {isa = PBXBuildFile; fileRef = 4C94F33820591BE70064C4F0 /* Main.storyboard */; };
		4C94F33C20591BE70064C4F0 /* Assets.xcassets in Resources */ = {isa = PBXBuildFile; fileRef = 4C94F33B20591BE70064C4F0 /* Assets.xcassets */; };
		4C94F33F20591BE70064C4F0 /* LaunchScreen.storyboard in Resources */ = {isa = PBXBuildFile; fileRef = 4C94F33D20591BE70064C4F0 /* LaunchScreen.storyboard */; };
/* End PBXBuildFile section */

/* Begin PBXFileReference section */
		4C94F33120591BE70064C4F0 /* ShenNongTongV0.2.app */ = {isa = PBXFileReference; explicitFileType = wrapper.application; includeInIndex = 0; path = ShenNongTongV0.2.app; sourceTree = BUILT_PRODUCTS_DIR; };
		4C94F33420591BE70064C4F0 /* AppDelegate.swift */ = {isa = PBXFileReference; lastKnownFileType = sourcecode.swift; path = AppDelegate.swift; sourceTree = "<group>"; };
		4C94F33620591BE70064C4F0 /* ViewController.swift */ = {isa = PBXFileReference; lastKnownFileType = sourcecode.swift; path = ViewController.swift; sourceTree = "<group>"; };
		4C94F33920591BE70064C4F0 /* Base */ = {isa = PBXFileReference; lastKnownFileType = file.storyboard; name = Base; path = Base.lproj/Main.storyboard; sourceTree = "<group>"; };
		4C94F33B20591BE70064C4F0 /* Assets.xcassets */ = {isa = PBXFileReference; lastKnownFileType = folder.assetcatalog; path = Assets.xcassets; sourceTree = "<group>"; };
		4C94F33E20591BE70064C4F0 /* Base */ = {isa = PBXFileReference; lastKnownFileType = file.storyboard; name = Base; path = Base.lproj/LaunchScreen.storyboard; sourceTree = "<group>"; };
		4C94F34020591BE80064C4F0 /* Info.plist */ = {isa = PBXFileReference; lastKnownFileType = text.plist.xml; path = Info.plist; sourceTree = "<group>"; };
/* End PBXFileReference section */

/* Begin PBXFrameworksBuildPhase section */
		4C94F32E20591BE70064C4F0 /* Frameworks */ = {
			isa = PBXFrameworksBuildPhase;
			buildActionMask = 2147483647;
			files = (
			);
			runOnlyForDeploymentPostprocessing = 0;
		};
/* End PBXFrameworksBuildPhase section */

/* Begin PBXGroup section */
		4C94F32820591BE70064C4F0 = {
			isa = PBXGroup;
			children = (
				4C94F33320591BE70064C4F0 /* ShenNongTongV0.2 */,
				4C94F33220591BE70064C4F0 /* Products */,
			);
			sourceTree = "<group>";
		};
		4C94F33220591BE70064C4F0 /* Products */ = {
			isa = PBXGroup;
			children = (
				4C94F33120591BE70064C4F0 /* ShenNongTongV0.2.app */,
			);
			name = Products;
			sourceTree = "<group>";
		};
		4C94F33320591BE70064C4F0 /* ShenNongTongV0.2 */ = {
			isa = PBXGroup;
			children = (
				4C94F33420591BE70064C4F0 /* AppDelegate.swift */,
				4C94F33620591BE70064C4F0 /* ViewController.swift */,
				4C94F33820591BE70064C4F0 /* Main.storyboard */,
				4C94F33B20591BE70064C4F0 /* Assets.xcassets */,
				4C94F33D20591BE70064C4F0 /* LaunchScreen.storyboard */,
				4C94F34020591BE80064C4F0 /* Info.plist */,
			);
			path = ShenNongTongV0.2;
			sourceTree = "<group>";
		};
/* End PBXGroup section */

/* Begin PBXNativeTarget section */
		4C94F33020591BE70064C4F0 /* ShenNongTongV0.2 */ = {
			isa = PBXNativeTarget;
			buildConfigurationList = 4C94F34320591BE80064C4F0 /* Build configuration list for PBXNativeTarget "ShenNongTongV0.2" */;
			buildPhases = (
				4C94F32D20591BE70064C4F0 /* Sources */,
				4C94F32E20591BE70064C4F0 /* Frameworks */,
				4C94F32F20591BE70064C4F0 /* Resources */,
			);
			buildRules = (
			);
			dependencies = (
			);
			name = ShenNongTongV0.2;
			productName = ShenNongTongV0.2;
			productReference = 4C94F33120591BE70064C4F0 /* ShenNongTongV0.2.app */;
			productType = "com.apple.product-type.application";
		};
/* End PBXNativeTarget section */

/* Begin PBXProject section */
		4C94F32920591BE70064C4F0 /* Project object */ = {
			isa = PBXProject;
			attributes = {
				LastSwiftUpdateCheck = 0920;
				LastUpgradeCheck = 0920;
				ORGANIZATIONNAME = OS;
				TargetAttributes = {
					4C94F33020591BE70064C4F0 = {
						CreatedOnToolsVersion = 9.2;
						ProvisioningStyle = Automatic;
					};
				};
			};
			buildConfigurationList = 4C94F32C20591BE70064C4F0 /* Build configuration list for PBXProject "ShenNongTongV0.2" */;
			compatibilityVersion = "Xcode 8.0";
			developmentRegion = en;
			hasScannedForEncodings = 0;
			knownRegions = (
				en,
				Base,
			);
			mainGroup = 4C94F32820591BE70064C4F0;
			productRefGroup = 4C94F33220591BE70064C4F0 /* Products */;
			projectDirPath = "";
			projectRoot = "";
			targets = (
				4C94F33020591BE70064C4F0 /* ShenNongTongV0.2 */,
			);
		};
/* End PBXProject section */

/* Begin PBXResourcesBuildPhase section */
		4C94F32F20591BE70064C4F0 /* Resources */ = {
			isa = PBXResourcesBuildPhase;
			buildActionMask = 2147483647;
			files = (
				4C94F33F20591BE70064C4F0 /* LaunchScreen.storyboard in Resources */,
				4C94F33C20591BE70064C4F0 /* Assets.xcassets in Resources */,
				4C94F33A20591BE70064C4F0 /* Main.storyboard in Resources */,
			);
			runOnlyForDeploymentPostprocessing = 0;
		};
/* End PBXResourcesBuildPhase section */

/* Begin PBXSourcesBuildPhase section */
		4C94F32D20591BE70064C4F0 /* Sources */ = {
			isa = PBXSourcesBuildPhase;
			buildActionMask = 2147483647;
			files = (
				4C94F33720591BE70064C4F0 /* ViewController.swift in Sources */,
				4C94F33520591BE70064C4F0 /* AppDelegate.swift in Sources */,
			);
			runOnlyForDeploymentPostprocessing = 0;
		};
/* End PBXSourcesBuildPhase section */

/* Begin PBXVariantGroup section */
		4C94F33820591BE70064C4F0 /* Main.storyboard */ = {
			isa = PBXVariantGroup;
			children = (
				4C94F33920591BE70064C4F0 /* Base */,
			);
			name = Main.storyboard;
			sourceTree = "<group>";
		};
		4C94F33D20591BE70064C4F0 /* LaunchScreen.storyboard */ = {
			isa = PBXVariantGroup;
			children = (
				4C94F33E20591BE70064C4F0 /* Base */,
			);
			name = LaunchScreen.storyboard;
			sourceTree = "<group>";
		};
/* End PBXVariantGroup section */

/* Begin XCBuildConfiguration section */
		4C94F34120591BE80064C4F0 /* Debug */ = {
			isa = XCBuildConfiguration;
			buildSettings = {
				ALWAYS_SEARCH_USER_PATHS = NO;
				CLANG_ANALYZER_NONNULL = YES;
				CLANG_ANALYZER_NUMBER_OBJECT_CONVERSION = YES_AGGRESSIVE;
				CLANG_CXX_LANGUAGE_STANDARD = "gnu++14";
				CLANG_CXX_LIBRARY = "libc++";
				CLANG_ENABLE_MODULES = YES;
				CLANG_ENABLE_OBJC_ARC = YES;
				CLANG_WARN_BLOCK_CAPTURE_AUTORELEASING = YES;
				CLANG_WARN_BOOL_CONVERSION = YES;
				CLANG_WARN_COMMA = YES;
				CLANG_WARN_CONSTANT_CONVERSION = YES;
				CLANG_WARN_DIRECT_OBJC_ISA_USAGE = YES_ERROR;
				CLANG_WARN_DOCUMENTATION_COMMENTS = YES;
				CLANG_WARN_EMPTY_BODY = YES;
				CLANG_WARN_ENUM_CONVERSION = YES;
				CLANG_WARN_INFINITE_RECURSION = YES;
				CLANG_WARN_INT_CONVERSION = YES;
				CLANG_WARN_NON_LITERAL_NULL_CONVERSION = YES;
				CLANG_WARN_OBJC_LITERAL_CONVERSION = YES;
				CLANG_WARN_OBJC_ROOT_CLASS = YES_ERROR;
				CLANG_WARN_RANGE_LOOP_ANALYSIS = YES;
				CLANG_WARN_STRICT_PROTOTYPES = YES;
				CLANG_WARN_SUSPICIOUS_MOVE = YES;
				CLANG_WARN_UNGUARDED_AVAILABILITY = YES_AGGRESSIVE;
				CLANG_WARN_UNREACHABLE_CODE = YES;
				CLANG_WARN__DUPLICATE_METHOD_MATCH = YES;
				CODE_SIGN_IDENTITY = "iPhone Developer";
				COPY_PHASE_STRIP = NO;
				DEBUG_INFORMATION_FORMAT = dwarf;
				ENABLE_STRICT_OBJC_MSGSEND = YES;
				ENABLE_TESTABILITY = YES;
				GCC_C_LANGUAGE_STANDARD = gnu11;
				GCC_DYNAMIC_NO_PIC = NO;
				GCC_NO_COMMON_BLOCKS = YES;
				GCC_OPTIMIZATION_LEVEL = 0;
				GCC_PREPROCESSOR_DEFINITIONS = (
					"DEBUG=1",
					"$(inherited)",
				);
				GCC_WARN_64_TO_32_BIT_CONVERSION = YES;
				GCC_WARN_ABOUT_RETURN_TYPE = YES_ERROR;
				GCC_WARN_UNDECLARED_SELECTOR = YES;
				GCC_WARN_UNINITIALIZED_AUTOS = YES_AGGRESSIVE;
				GCC_WARN_UNUSED_FUNCTION = YES;
				GCC_WARN_UNUSED_VARIABLE = YES;
				IPHONEOS_DEPLOYMENT_TARGET = 11.2;
				MTL_ENABLE_DEBUG_INFO = YES;
				ONLY_ACTIVE_ARCH = YES;
				SDKROOT = iphoneos;
				SWIFT_ACTIVE_COMPILATION_CONDITIONS = DEBUG;
				SWIFT_OPTIMIZATION_LEVEL = "-Onone";
			};
			name = Debug;
		};
		4C94F34220591BE80064C4F0 /* Release */ = {
			isa = XCBuildConfiguration;
			buildSettings = {
				ALWAYS_SEARCH_USER_PATHS = NO;
				CLANG_ANALYZER_NONNULL = YES;
				CLANG_ANALYZER_NUMBER_OBJECT_CONVERSION = YES_AGGRESSIVE;
				CLANG_CXX_LANGUAGE_STANDARD = "gnu++14";
				CLANG_CXX_LIBRARY = "libc++";
				CLANG_ENABLE_MODULES = YES;
				CLANG_ENABLE_OBJC_ARC = YES;
				CLANG_WARN_BLOCK_CAPTURE_AUTORELEASING = YES;
				CLANG_WARN_BOOL_CONVERSION = YES;
				CLANG_WARN_COMMA = YES;
				CLANG_WARN_CONSTANT_CONVERSION = YES;
				CLANG_WARN_DIRECT_OBJC_ISA_USAGE = YES_ERROR;
				CLANG_WARN_DOCUMENTATION_COMMENTS = YES;
				CLANG_WARN_EMPTY_BODY = YES;
				CLANG_WARN_ENUM_CONVERSION = YES;
				CLANG_WARN_INFINITE_RECURSION = YES;
				CLANG_WARN_INT_CONVERSION = YES;
				CLANG_WARN_NON_LITERAL_NULL_CONVERSION = YES;
				CLANG_WARN_OBJC_LITERAL_CONVERSION = YES;
				CLANG_WARN_OBJC_ROOT_CLASS = YES_ERROR;
				CLANG_WARN_RANGE_LOOP_ANALYSIS = YES;
				CLANG_WARN_STRICT_PROTOTYPES = YES;
				CLANG_WARN_SUSPICIOUS_MOVE = YES;
				CLANG_WARN_UNGUARDED_AVAILABILITY = YES_AGGRESSIVE;
				CLANG_WARN_UNREACHABLE_CODE = YES;
				CLANG_WARN__DUPLICATE_METHOD_MATCH = YES;
				CODE_SIGN_IDENTITY = "iPhone Developer";
				COPY_PHASE_STRIP = NO;
				DEBUG_INFORMATION_FORMAT = "dwarf-with-dsym";
				ENABLE_NS_ASSERTIONS = NO;
				ENABLE_STRICT_OBJC_MSGSEND = YES;
				GCC_C_LANGUAGE_STANDARD = gnu11;
				GCC_NO_COMMON_BLOCKS = YES;
				GCC_WARN_64_TO_32_BIT_CONVERSION = YES;
				GCC_WARN_ABOUT_RETURN_TYPE = YES_ERROR;
				GCC_WARN_UNDECLARED_SELECTOR = YES;
				GCC_WARN_UNINITIALIZED_AUTOS = YES_AGGRESSIVE;
				GCC_WARN_UNUSED_FUNCTION = YES;
				GCC_WARN_UNUSED_VARIABLE = YES;
				IPHONEOS_DEPLOYMENT_TARGET = 11.2;
				MTL_ENABLE_DEBUG_INFO = NO;
				SDKROOT = iphoneos;
				SWIFT_OPTIMIZATION_LEVEL = "-Owholemodule";
				VALIDATE_PRODUCT = YES;
			};
			name = Release;
		};
		4C94F34420591BE80064C4F0 /* Debug */ = {
			isa = XCBuildConfiguration;
			buildSettings = {
				ASSETCATALOG_COMPILER_APPICON_NAME = AppIcon;
				CODE_SIGN_STYLE = Automatic;
				DEVELOPMENT_TEAM = 9KKJP4VWYP;
				INFOPLIST_FILE = ShenNongTongV0.2/Info.plist;
				LD_RUNPATH_SEARCH_PATHS = "$(inherited) @executable_path/Frameworks";
				PRODUCT_BUNDLE_IDENTIFIER = "Li.ShenNongTongV0-2";
				PRODUCT_NAME = "$(TARGET_NAME)";
				SWIFT_VERSION = 4.0;
				TARGETED_DEVICE_FAMILY = "1,2";
			};
			name = Debug;
		};
		4C94F34520591BE80064C4F0 /* Release */ = {
			isa = XCBuildConfiguration;
			buildSettings = {
				ASSETCATALOG_COMPILER_APPICON_NAME = AppIcon;
				CODE_SIGN_STYLE = Automatic;
				DEVELOPMENT_TEAM = 9KKJP4VWYP;
				INFOPLIST_FILE = ShenNongTongV0.2/Info.plist;
				LD_RUNPATH_SEARCH_PATHS = "$(inherited) @executable_path/Frameworks";
				PRODUCT_BUNDLE_IDENTIFIER = "Li.ShenNongTongV0-2";
				PRODUCT_NAME = "$(TARGET_NAME)";
				SWIFT_VERSION = 4.0;
				TARGETED_DEVICE_FAMILY = "1,2";
			};
			name = Release;
		};
/* End XCBuildConfiguration section */

/* Begin XCConfigurationList section */
		4C94F32C20591BE70064C4F0 /* Build configuration list for PBXProject "ShenNongTongV0.2" */ = {
			isa = XCConfigurationList;
			buildConfigurations = (
				4C94F34120591BE80064C4F0 /* Debug */,
				4C94F34220591BE80064C4F0 /* Release */,
			);
			defaultConfigurationIsVisible = 0;
			defaultConfigurationName = Release;
		};
		4C94F34320591BE80064C4F0 /* Build configuration list for PBXNativeTarget "ShenNongTongV0.2" */ = {
			isa = XCConfigurationList;
			buildConfigurations = (
				4C94F34420591BE80064C4F0 /* Debug */,
				4C94F34520591BE80064C4F0 /* Release */,
			);
			defaultConfigurationIsVisible = 0;
			defaultConfigurationName = Release;
		};
/* End XCConfigurationList section */
	};
	rootObject = 4C94F32920591BE70064C4F0 /* Project object */;
}
